
Microsoft Visual Studio Solution File, Format Version 12.00
# Visual Studio Version 17
VisualStudioVersion = 17.7.34221.43
MinimumVisualStudioVersion = 10.0.40219.1
Project("{8BC9CEB8-8B4A-11D0-8D11-00A0C91BC942}") = "DirectX Team Portfolio", "DirectX Team Portfolio\DirectX Team Portfolio.vcxproj", "{93478304-D21B-4C0A-8DB9-58BFAE180D75}"
EndProject
Project("{8BC9CEB8-8B4A-11D0-8D11-00A0C91BC942}") = "Engine", "Engine\Engine.vcxproj", "{5ED5F2F8-F519-4A3E-B9BC-CC7F6D6C21C7}"
EndProject
Global
	GlobalSection(SolutionConfigurationPlatforms) = preSolution
		Debug|x64 = Debug|x64
		Debug|x86 = Debug|x86
		Release|x64 = Release|x64
		Release|x86 = Release|x86
	EndGlobalSection
	GlobalSection(ProjectConfigurationPlatforms) = postSolution
		{93478304-D21B-4C0A-8DB9-58BFAE180D75}.Debug|x64.ActiveCfg = Debug|x64
		{93478304-D21B-4C0A-8DB9-58BFAE180D75}.Debug|x64.Build.0 = Debug|x64
		{93478304-D21B-4C0A-8DB9-58BFAE180D75}.Debug|x86.ActiveCfg = Debug|Win32
		{93478304-D21B-4C0A-8DB9-58BFAE180D75}.Debug|x86.Build.0 = Debug|Win32
		{93478304-D21B-4C0A-8DB9-58BFAE180D75}.Release|x64.ActiveCfg = Release|x64
		{93478304-D21B-4C0A-8DB9-58BFAE180D75}.Release|x64.Build.0 = Release|x64
		{93478304-D21B-4C0A-8DB9-58BFAE180D75}.Release|x86.ActiveCfg = Release|Win32
		{93478304-D21B-4C0A-8DB9-58BFAE180D75}.Release|x86.Build.0 = Release|Win32
		{5ED5F2F8-F519-4A3E-B9BC-CC7F6D6C21C7}.Debug|x64.ActiveCfg = Debug|x64
		{5ED5F2F8-F519-4A3E-B9BC-CC7F6D6C21C7}.Debug|x64.Build.0 = Debug|x64
		{5ED5F2F8-F519-4A3E-B9BC-CC7F6D6C21C7}.Debug|x86.ActiveCfg = Debug|Win32
		{5ED5F2F8-F519-4A3E-B9BC-CC7F6D6C21C7}.Debug|x86.Build.0 = Debug|Win32
		{5ED5F2F8-F519-4A3E-B9BC-CC7F6D6C21C7}.Release|x64.ActiveCfg = Release|x64
		{5ED5F2F8-F519-4A3E-B9BC-CC7F6D6C21C7}.Release|x64.Build.0 = Release|x64
		{5ED5F2F8-F519-4A3E-B9BC-CC7F6D6C21C7}.Release|x86.ActiveCfg = Release|Win32
		{5ED5F2F8-F519-4A3E-B9BC-CC7F6D6C21C7}.Release|x86.Build.0 = Release|Win32
	EndGlobalSection
	GlobalSection(SolutionProperties) = preSolution
		HideSolutionNode = FALSE
	EndGlobalSection
	GlobalSection(ExtensibilityGlobals) = postSolution
		SolutionGuid = {D2087983-40D1-40E1-91DE-40863F8353ED}
	EndGlobalSection
EndGlobal
