<?xml version="1.0" encoding="utf-8"?>
<Project ToolsVersion="4.0" xmlns="http://schemas.microsoft.com/developer/msbuild/2003">
  <ItemGroup>
    <Filter Include="소스 파일">
      <UniqueIdentifier>{4FC737F1-C7A5-4376-A066-2A32D752A2FF}</UniqueIdentifier>
      <Extensions>cpp;c;cc;cxx;c++;cppm;ixx;def;odl;idl;hpj;bat;asm;asmx</Extensions>
    </Filter>
    <Filter Include="헤더 파일">
      <UniqueIdentifier>{93995380-89BD-4b04-88EB-625FBE52EBFB}</UniqueIdentifier>
      <Extensions>h;hh;hpp;hxx;h++;hm;inl;inc;ipp;xsd</Extensions>
    </Filter>
    <Filter Include="리소스 파일">
      <UniqueIdentifier>{67DA6AB6-F800-4c08-8B7A-83BB121AAD01}</UniqueIdentifier>
      <Extensions>rc;ico;cur;bmp;dlg;rc2;rct;bin;rgs;gif;jpg;jpeg;jpe;resx;tiff;tif;png;wav;mfcribbon-ms</Extensions>
    </Filter>
  </ItemGroup>
  <ItemGroup>
    <ClCompile Include="CCamera.cpp">
      <Filter>소스 파일</Filter>
    </ClCompile>
    <ClCompile Include="CCollision.cpp">
      <Filter>소스 파일</Filter>
    </ClCompile>
    <ClCompile Include="CCore.cpp">
      <Filter>소스 파일</Filter>
    </ClCompile>
    <ClCompile Include="CDevice.cpp">
      <Filter>소스 파일</Filter>
    </ClCompile>
    <ClCompile Include="CDxObject.cpp">
      <Filter>소스 파일</Filter>
    </ClCompile>
    <ClCompile Include="CInput.cpp">
      <Filter>소스 파일</Filter>
    </ClCompile>
    <ClCompile Include="Mymath.cpp">
      <Filter>소스 파일</Filter>
    </ClCompile>
    <ClCompile Include="CNpcObj.cpp">
      <Filter>소스 파일</Filter>
    </ClCompile>
    <ClCompile Include="CObject.cpp">
      <Filter>소스 파일</Filter>
    </ClCompile>
    <ClCompile Include="CPlaneObj.cpp">
      <Filter>소스 파일</Filter>
    </ClCompile>
    <ClCompile Include="CPlayerObj.cpp">
      <Filter>소스 파일</Filter>
    </ClCompile>
    <ClCompile Include="CShaderMgr.cpp">
      <Filter>소스 파일</Filter>
    </ClCompile>
    <ClCompile Include="CTextureMgr.cpp">
      <Filter>소스 파일</Filter>
    </ClCompile>
    <ClCompile Include="CTimer.cpp">
      <Filter>소스 파일</Filter>
    </ClCompile>
    <ClCompile Include="CUtiliy.cpp">
      <Filter>소스 파일</Filter>
    </ClCompile>
    <ClCompile Include="CWindow.cpp">
      <Filter>소스 파일</Filter>
    </ClCompile>
    <ClCompile Include="CMapObj.cpp">
      <Filter>소스 파일</Filter>
    </ClCompile>
    <ClCompile Include="CWriter.cpp">
      <Filter>소스 파일</Filter>
    </ClCompile>
    <ClCompile Include="CSoundMgr.cpp">
      <Filter>소스 파일</Filter>
    </ClCompile>
    <ClCompile Include="CSpriteObj.cpp">
      <Filter>소스 파일</Filter>
    </ClCompile>
    <ClCompile Include="CoreInterface.cpp">
      <Filter>소스 파일</Filter>
    </ClCompile>
    <ClCompile Include="CParticle.cpp">
      <Filter>소스 파일</Filter>
    </ClCompile>
    <ClCompile Include="CMap.cpp">
      <Filter>소스 파일</Filter>
    </ClCompile>
    <ClCompile Include="TMath.cpp">
      <Filter>소스 파일</Filter>
    </ClCompile>
    <ClCompile Include="CFrustum.cpp">
      <Filter>소스 파일</Filter>
    </ClCompile>
    <ClCompile Include="CShape.cpp">
      <Filter>소스 파일</Filter>
    </ClCompile>
    <ClCompile Include="CDebugCamera.cpp">
      <Filter>소스 파일</Filter>
    </ClCompile>
    <ClCompile Include="CHeightMap.cpp">
      <Filter>소스 파일</Filter>
    </ClCompile>
    <ClCompile Include="CNode.cpp">
      <Filter>소스 파일</Filter>
    </ClCompile>
    <ClCompile Include="CQuadTree.cpp">
      <Filter>소스 파일</Filter>
    </ClCompile>
  </ItemGroup>
  <ItemGroup>
    <ClInclude Include="CCamera.h">
      <Filter>헤더 파일</Filter>
    </ClInclude>
    <ClInclude Include="CCollision.h">
      <Filter>헤더 파일</Filter>
    </ClInclude>
    <ClInclude Include="CCore.h">
      <Filter>헤더 파일</Filter>
    </ClInclude>
    <ClInclude Include="CDefine.h">
      <Filter>헤더 파일</Filter>
    </ClInclude>
    <ClInclude Include="CDevice.h">
      <Filter>헤더 파일</Filter>
    </ClInclude>
    <ClInclude Include="CDxObject.h">
      <Filter>헤더 파일</Filter>
    </ClInclude>
    <ClInclude Include="CInput.h">
      <Filter>헤더 파일</Filter>
    </ClInclude>
    <ClInclude Include="CNpcObj.h">
      <Filter>헤더 파일</Filter>
    </ClInclude>
    <ClInclude Include="CObject.h">
      <Filter>헤더 파일</Filter>
    </ClInclude>
    <ClInclude Include="CPlaneObj.h">
      <Filter>헤더 파일</Filter>
    </ClInclude>
    <ClInclude Include="CPlayerObj.h">
      <Filter>헤더 파일</Filter>
    </ClInclude>
    <ClInclude Include="CShaderMgr.h">
      <Filter>헤더 파일</Filter>
    </ClInclude>
    <ClInclude Include="CTextureMgr.h">
      <Filter>헤더 파일</Filter>
    </ClInclude>
    <ClInclude Include="CTimer.h">
      <Filter>헤더 파일</Filter>
    </ClInclude>
    <ClInclude Include="CWindow.h">
      <Filter>헤더 파일</Filter>
    </ClInclude>
    <ClInclude Include="DirectXTex.h">
      <Filter>헤더 파일</Filter>
    </ClInclude>
    <ClInclude Include="CMapObj.h">
      <Filter>헤더 파일</Filter>
    </ClInclude>
    <ClInclude Include="CUtiliy.h">
      <Filter>헤더 파일</Filter>
    </ClInclude>
    <ClInclude Include="CWriter.h">
      <Filter>헤더 파일</Filter>
    </ClInclude>
    <ClInclude Include="CSoundMgr.h">
      <Filter>헤더 파일</Filter>
    </ClInclude>
    <ClInclude Include="CSpriteObj.h">
      <Filter>헤더 파일</Filter>
    </ClInclude>
    <ClInclude Include="CoreInterface.h">
      <Filter>헤더 파일</Filter>
    </ClInclude>
    <ClInclude Include="CParticle.h">
      <Filter>헤더 파일</Filter>
    </ClInclude>
    <ClInclude Include="Mymath.h">
      <Filter>헤더 파일</Filter>
    </ClInclude>
    <ClInclude Include="CMap.h">
      <Filter>헤더 파일</Filter>
    </ClInclude>
    <ClInclude Include="TMath.h">
      <Filter>헤더 파일</Filter>
    </ClInclude>
    <ClInclude Include="CFrustum.h">
      <Filter>헤더 파일</Filter>
    </ClInclude>
    <ClInclude Include="CShape.h">
      <Filter>헤더 파일</Filter>
    </ClInclude>
    <ClInclude Include="CQuadTree.h">
      <Filter>헤더 파일</Filter>
    </ClInclude>
    <ClInclude Include="CNode.h">
      <Filter>헤더 파일</Filter>
    </ClInclude>
    <ClInclude Include="CHeightMap.h">
      <Filter>헤더 파일</Filter>
    </ClInclude>
    <ClInclude Include="CDebugCamera.h">
      <Filter>헤더 파일</Filter>
    </ClInclude>
  </ItemGroup>
  <ItemGroup>
    <None Include="DirectXTex.inl">
      <Filter>헤더 파일</Filter>
    </None>
  </ItemGroup>
  <ItemGroup>
    <Library Include="DirectXTex.lib" />
  </ItemGroup>
  <ItemGroup>
    <FxCompile Include="..\..\Resourse\Plane.hlsl">
      <Filter>리소스 파일</Filter>
    </FxCompile>
  </ItemGroup>
</Project>